
Microsoft Visual Studio Solution File, Format Version 10.00
# Visual Studio 2008
Project("{FAE04EC0-301F-11D3-BF4B-00C04F79EFBC}") = "POS58Listen", "POS58Listen\POS58Listen.csproj", "{C1BC4003-7B97-4875-97A8-94BE759A4073}"
EndProject
Global
	GlobalSection(SolutionConfigurationPlatforms) = preSolution
		Debug|Any CPU = Debug|Any CPU
		Release|Any CPU = Release|Any CPU
	EndGlobalSection
	GlobalSection(ProjectConfigurationPlatforms) = postSolution
		{C1BC4003-7B97-4875-97A8-94BE759A4073}.Debug|Any CPU.ActiveCfg = Debug|Any CPU
		{C1BC4003-7B97-4875-97A8-94BE759A4073}.Debug|Any CPU.Build.0 = Debug|Any CPU
		{C1BC4003-7B97-4875-97A8-94BE759A4073}.Release|Any CPU.ActiveCfg = Release|Any CPU
		{C1BC4003-7B97-4875-97A8-94BE759A4073}.Release|Any CPU.Build.0 = Release|Any CPU
	EndGlobalSection
	GlobalSection(SolutionProperties) = preSolution
		HideSolutionNode = FALSE
	EndGlobalSection
EndGlobal
